
Microsoft Visual Studio Solution File, Format Version 12.00
# Visual Studio Version 16
VisualStudioVersion = 16.0.30503.244
MinimumVisualStudioVersion = 10.0.40219.1
Project("{FAE04EC0-301F-11D3-BF4B-00C04F79EFBC}") = "dbBackend", "dbBackend\dbBackend.csproj", "{FF76CA12-51B9-4B28-9232-B8CE03BEFD1A}"
EndProject
Global
	GlobalSection(SolutionConfigurationPlatforms) = preSolution
		Debug|Any CPU = Debug|Any CPU
		Release|Any CPU = Release|Any CPU
	EndGlobalSection
	GlobalSection(ProjectConfigurationPlatforms) = postSolution
		{FF76CA12-51B9-4B28-9232-B8CE03BEFD1A}.Debug|Any CPU.ActiveCfg = Debug|Any CPU
		{FF76CA12-51B9-4B28-9232-B8CE03BEFD1A}.Debug|Any CPU.Build.0 = Debug|Any CPU
		{FF76CA12-51B9-4B28-9232-B8CE03BEFD1A}.Release|Any CPU.ActiveCfg = Release|Any CPU
		{FF76CA12-51B9-4B28-9232-B8CE03BEFD1A}.Release|Any CPU.Build.0 = Release|Any CPU
	EndGlobalSection
	GlobalSection(SolutionProperties) = preSolution
		HideSolutionNode = FALSE
	EndGlobalSection
	GlobalSection(ExtensibilityGlobals) = postSolution
		SolutionGuid = {F18AFC9D-95E5-4E3C-93FF-45BED8FC1C57}
	EndGlobalSection
EndGlobal
